
Microsoft Visual Studio Solution File, Format Version 12.00
# Visual Studio Version 17
VisualStudioVersion = 17.11.35222.181
MinimumVisualStudioVersion = 10.0.40219.1
Project("{FAE04EC0-301F-11D3-BF4B-00C04F79EFBC}") = "Noya.Models", "..\Noya.Models\Noya.Models.csproj", "{D8E572D7-3848-4FEA-9EC5-96AD461BB6E5}"
EndProject
Project("{FAE04EC0-301F-11D3-BF4B-00C04F79EFBC}") = "Noya.DAL", "..\Noya.DAL\Noya.DAL.csproj", "{41763413-B832-4D32-8E72-8FE62B485DA2}"
EndProject
Project("{FAE04EC0-301F-11D3-BF4B-00C04F79EFBC}") = "Noya.BLL", "..\Noya.BLL\Noya.BLL.csproj", "{DDA71B8D-168F-4608-9F14-F301D450C737}"
EndProject
Project("{FAE04EC0-301F-11D3-BF4B-00C04F79EFBC}") = "Noya.API", "..\Noya.API\Noya.API.csproj", "{94E20C2D-0B59-4476-A52D-80C55321AEF4}"
EndProject
Global
	GlobalSection(SolutionConfigurationPlatforms) = preSolution
		Debug|Any CPU = Debug|Any CPU
		Release|Any CPU = Release|Any CPU
	EndGlobalSection
	GlobalSection(ProjectConfigurationPlatforms) = postSolution
		{D8E572D7-3848-4FEA-9EC5-96AD461BB6E5}.Debug|Any CPU.ActiveCfg = Debug|Any CPU
		{D8E572D7-3848-4FEA-9EC5-96AD461BB6E5}.Debug|Any CPU.Build.0 = Debug|Any CPU
		{D8E572D7-3848-4FEA-9EC5-96AD461BB6E5}.Release|Any CPU.ActiveCfg = Release|Any CPU
		{D8E572D7-3848-4FEA-9EC5-96AD461BB6E5}.Release|Any CPU.Build.0 = Release|Any CPU
		{41763413-B832-4D32-8E72-8FE62B485DA2}.Debug|Any CPU.ActiveCfg = Debug|Any CPU
		{41763413-B832-4D32-8E72-8FE62B485DA2}.Debug|Any CPU.Build.0 = Debug|Any CPU
		{41763413-B832-4D32-8E72-8FE62B485DA2}.Release|Any CPU.ActiveCfg = Release|Any CPU
		{41763413-B832-4D32-8E72-8FE62B485DA2}.Release|Any CPU.Build.0 = Release|Any CPU
		{DDA71B8D-168F-4608-9F14-F301D450C737}.Debug|Any CPU.ActiveCfg = Debug|Any CPU
		{DDA71B8D-168F-4608-9F14-F301D450C737}.Debug|Any CPU.Build.0 = Debug|Any CPU
		{DDA71B8D-168F-4608-9F14-F301D450C737}.Release|Any CPU.ActiveCfg = Release|Any CPU
		{DDA71B8D-168F-4608-9F14-F301D450C737}.Release|Any CPU.Build.0 = Release|Any CPU
		{94E20C2D-0B59-4476-A52D-80C55321AEF4}.Debug|Any CPU.ActiveCfg = Debug|Any CPU
		{94E20C2D-0B59-4476-A52D-80C55321AEF4}.Debug|Any CPU.Build.0 = Debug|Any CPU
		{94E20C2D-0B59-4476-A52D-80C55321AEF4}.Release|Any CPU.ActiveCfg = Release|Any CPU
		{94E20C2D-0B59-4476-A52D-80C55321AEF4}.Release|Any CPU.Build.0 = Release|Any CPU
	EndGlobalSection
	GlobalSection(SolutionProperties) = preSolution
		HideSolutionNode = FALSE
	EndGlobalSection
	GlobalSection(ExtensibilityGlobals) = postSolution
		SolutionGuid = {65DC8E90-8789-4AB5-AB93-631DFDA0BD61}
	EndGlobalSection
EndGlobal
